# This file is automatically @generated by Cargo.
# It is not intended for manual editing.
version = 3

[[package]]
name = "binary_heap"
version = "0.1.0"
dependencies = [
 "datastructure",
]

[[package]]
name = "concept"
version = "0.1.0"

[[package]]
name = "datastructure"
version = "0.1.0"

[[package]]
name = "hash_map"
version = "0.1.0"
dependencies = [
 "datastructure",
]

[[package]]
name = "rust_practice"
version = "0.1.0"
dependencies = [
 "binary_heap",
 "concept",
 "datastructure",
 "hash_map",
 "single_linked_list",
]

[[package]]
name = "single_linked_list"
version = "0.1.0"
dependencies = [
 "datastructure",
]
