# This file is automatically @generated by Cargo.
# It is not intended for manual editing.
version = 3

[[package]]
name = "concept"
version = "0.1.0"

[[package]]
name = "datastructure"
version = "0.1.0"

[[package]]
name = "rust_practice"
version = "0.1.0"
dependencies = [
 "concept",
 "single_linked_list",
]

[[package]]
name = "single_linked_list"
version = "0.1.0"
