# This file is automatically @generated by Cargo.
# It is not intended for manual editing.
version = 3

[[package]]
name = "binary_heap"
version = "0.1.0"
dependencies = [
 "specification",
]

[[package]]
name = "coding_problem"
version = "0.1.0"

[[package]]
name = "concept"
version = "0.1.0"

[[package]]
name = "hash_map"
version = "0.1.0"
dependencies = [
 "specification",
]

[[package]]
name = "rust_practice"
version = "0.1.0"
dependencies = [
 "binary_heap",
 "concept",
 "hash_map",
 "single_linked_list",
 "sort",
 "specification",
]

[[package]]
name = "single_linked_list"
version = "0.1.0"
dependencies = [
 "specification",
]

[[package]]
name = "sort"
version = "0.1.0"
dependencies = [
 "specification",
]

[[package]]
name = "specification"
version = "0.1.0"
